{
  "name": "@haxelib/html-entities",
  "requires": true,
  "lockfileVersion": 1,
  "dependencies": {
    "lix": {
      "version": "15.3.6",
      "resolved": "https://registry.npmjs.org/lix/-/lix-15.3.6.tgz",
      "integrity": "sha512-Ho5dlC4xl+KQBSWIXfApbHW1C3kYjHfiO9Fd2bLVXo6XR364D0rKf10KsbhqK0JFGrQ1KTfFx3xavnpAXmu0ww=="
    }
  }
}
